Microsoft Visual Studio Solution File, Format Version 11.00
# Visual Studio 2008

Project("{E3A9F3CE-EA2A-861D-9150-23AD0A1B98B0}") = "Rotations", "Assembly-CSharp.csproj", "{F317F645-1932-BABC-CE3D-293A0955200F}"
EndProject
Global
	GlobalSection(SolutionConfigurationPlatforms) = preSolution
		Debug|Any CPU = Debug|Any CPU
		Release|Any CPU = Release|Any CPU
	EndGlobalSection
	GlobalSection(ProjectConfigurationPlatforms) = postSolution
		{F317F645-1932-BABC-CE3D-293A0955200F}.Debug|Any CPU.ActiveCfg = Debug|Any CPU
		{F317F645-1932-BABC-CE3D-293A0955200F}.Debug|Any CPU.Build.0 = Debug|Any CPU
		{F317F645-1932-BABC-CE3D-293A0955200F}.Release|Any CPU.ActiveCfg = Release|Any CPU
		{F317F645-1932-BABC-CE3D-293A0955200F}.Release|Any CPU.Build.0 = Release|Any CPU
	EndGlobalSection
	GlobalSection(SolutionProperties) = preSolution
		HideSolutionNode = FALSE
	EndGlobalSection
	GlobalSection(MonoDevelopProperties) = preSolution
		StartupItem = Assembly-CSharp.csproj
	EndGlobalSection
EndGlobal
