
Microsoft Visual Studio Solution File, Format Version 12.00
# Visual Studio 2015
Project("{FAE04EC0-301F-11D3-BF4B-00C04F79EFBC}") = "MusicCollide.CSharp", "MusicCollide.CSharp.csproj", "{CFDDBBC0-0C84-28F6-F100-AC24A5345486}"
EndProject
Global
	GlobalSection(SolutionConfigurationPlatforms) = preSolution
		Debug|Any CPU = Debug|Any CPU
		Release|Any CPU = Release|Any CPU
	EndGlobalSection
	GlobalSection(ProjectConfigurationPlatforms) = postSolution
		{CFDDBBC0-0C84-28F6-F100-AC24A5345486}.Debug|Any CPU.ActiveCfg = Debug|Any CPU
		{CFDDBBC0-0C84-28F6-F100-AC24A5345486}.Debug|Any CPU.Build.0 = Debug|Any CPU
		{CFDDBBC0-0C84-28F6-F100-AC24A5345486}.Release|Any CPU.ActiveCfg = Release|Any CPU
		{CFDDBBC0-0C84-28F6-F100-AC24A5345486}.Release|Any CPU.Build.0 = Release|Any CPU
	EndGlobalSection
	GlobalSection(SolutionProperties) = preSolution
		HideSolutionNode = FALSE
	EndGlobalSection
EndGlobal
